
Microsoft Visual Studio Solution File, Format Version 12.00
# Visual Studio Version 17
VisualStudioVersion = 17.3.32922.545
MinimumVisualStudioVersion = 10.0.40219.1
Project("{FAE04EC0-301F-11D3-BF4B-00C04F79EFBC}") = "SimchaFund.web", "SimchaFund.web\SimchaFund.web.csproj", "{F4ACE67C-E7AD-4A0B-9157-6919922A1ED4}"
EndProject
Project("{FAE04EC0-301F-11D3-BF4B-00C04F79EFBC}") = "SimchaFund.data", "SimchaFund.data\SimchaFund.data.csproj", "{8046DBE5-D163-4A49-8C28-67254956EB37}"
EndProject
Global
	GlobalSection(SolutionConfigurationPlatforms) = preSolution
		Debug|Any CPU = Debug|Any CPU
		Release|Any CPU = Release|Any CPU
	EndGlobalSection
	GlobalSection(ProjectConfigurationPlatforms) = postSolution
		{F4ACE67C-E7AD-4A0B-9157-6919922A1ED4}.Debug|Any CPU.ActiveCfg = Debug|Any CPU
		{F4ACE67C-E7AD-4A0B-9157-6919922A1ED4}.Debug|Any CPU.Build.0 = Debug|Any CPU
		{F4ACE67C-E7AD-4A0B-9157-6919922A1ED4}.Release|Any CPU.ActiveCfg = Release|Any CPU
		{F4ACE67C-E7AD-4A0B-9157-6919922A1ED4}.Release|Any CPU.Build.0 = Release|Any CPU
		{8046DBE5-D163-4A49-8C28-67254956EB37}.Debug|Any CPU.ActiveCfg = Debug|Any CPU
		{8046DBE5-D163-4A49-8C28-67254956EB37}.Debug|Any CPU.Build.0 = Debug|Any CPU
		{8046DBE5-D163-4A49-8C28-67254956EB37}.Release|Any CPU.ActiveCfg = Release|Any CPU
		{8046DBE5-D163-4A49-8C28-67254956EB37}.Release|Any CPU.Build.0 = Release|Any CPU
	EndGlobalSection
	GlobalSection(SolutionProperties) = preSolution
		HideSolutionNode = FALSE
	EndGlobalSection
	GlobalSection(ExtensibilityGlobals) = postSolution
		SolutionGuid = {1956984B-6B3C-450C-B1E2-2F34A4A430B9}
	EndGlobalSection
EndGlobal
